
Microsoft Visual Studio Solution File, Format Version 12.00
# Visual Studio Version 17
VisualStudioVersion = 17.8.34316.72
MinimumVisualStudioVersion = 10.0.40219.1
Project("{54A90642-561A-4BB1-A94E-469ADEE60C69}") = "AngularClientApp", "AngularClientApp.esproj", "{C9FBA0F0-A35A-46EB-8AD6-969635AD6AD3}"
EndProject
Global
	GlobalSection(SolutionConfigurationPlatforms) = preSolution
		Debug|Any CPU = Debug|Any CPU
		Release|Any CPU = Release|Any CPU
	EndGlobalSection
	GlobalSection(ProjectConfigurationPlatforms) = postSolution
		{C9FBA0F0-A35A-46EB-8AD6-969635AD6AD3}.Debug|Any CPU.ActiveCfg = Debug|Any CPU
		{C9FBA0F0-A35A-46EB-8AD6-969635AD6AD3}.Debug|Any CPU.Build.0 = Debug|Any CPU
		{C9FBA0F0-A35A-46EB-8AD6-969635AD6AD3}.Debug|Any CPU.Deploy.0 = Debug|Any CPU
		{C9FBA0F0-A35A-46EB-8AD6-969635AD6AD3}.Release|Any CPU.ActiveCfg = Release|Any CPU
		{C9FBA0F0-A35A-46EB-8AD6-969635AD6AD3}.Release|Any CPU.Build.0 = Release|Any CPU
		{C9FBA0F0-A35A-46EB-8AD6-969635AD6AD3}.Release|Any CPU.Deploy.0 = Release|Any CPU
	EndGlobalSection
	GlobalSection(SolutionProperties) = preSolution
		HideSolutionNode = FALSE
	EndGlobalSection
	GlobalSection(ExtensibilityGlobals) = postSolution
		SolutionGuid = {4EF3FC0B-8BAD-4C1B-9FA6-376B54657308}
	EndGlobalSection
EndGlobal
